
Microsoft Visual Studio Solution File, Format Version 12.00
# Visual Studio Version 17
VisualStudioVersion = 17.9.34607.119
MinimumVisualStudioVersion = 10.0.40219.1
Project("{FAE04EC0-301F-11D3-BF4B-00C04F79EFBC}") = "Gym_App.Android", "Gym_App.Android\Gym_App.Android.csproj", "{EAC53AE1-B278-4B81-ADE3-7D75A1538F86}"
EndProject
Project("{FAE04EC0-301F-11D3-BF4B-00C04F79EFBC}") = "Gym_App.iOS", "Gym_App.iOS\Gym_App.iOS.csproj", "{44D1AD93-3539-419D-92FD-7FE9EAF4A9A9}"
EndProject
Project("{FAE04EC0-301F-11D3-BF4B-00C04F79EFBC}") = "Gym_App", "Gym_App\Gym_App.csproj", "{A5B6463B-55C9-4A5C-B3FE-0B6993C1F112}"
EndProject
Global
	GlobalSection(SolutionConfigurationPlatforms) = preSolution
		Debug|Any CPU = Debug|Any CPU
		Debug|iPhone = Debug|iPhone
		Debug|iPhoneSimulator = Debug|iPhoneSimulator
		Release|Any CPU = Release|Any CPU
		Release|iPhone = Release|iPhone
		Release|iPhoneSimulator = Release|iPhoneSimulator
	EndGlobalSection
	GlobalSection(ProjectConfigurationPlatforms) = postSolution
		{EAC53AE1-B278-4B81-ADE3-7D75A1538F86}.Debug|Any CPU.ActiveCfg = Debug|Any CPU
		{EAC53AE1-B278-4B81-ADE3-7D75A1538F86}.Debug|Any CPU.Build.0 = Debug|Any CPU
		{EAC53AE1-B278-4B81-ADE3-7D75A1538F86}.Debug|Any CPU.Deploy.0 = Debug|Any CPU
		{EAC53AE1-B278-4B81-ADE3-7D75A1538F86}.Debug|iPhone.ActiveCfg = Debug|Any CPU
		{EAC53AE1-B278-4B81-ADE3-7D75A1538F86}.Debug|iPhone.Build.0 = Debug|Any CPU
		{EAC53AE1-B278-4B81-ADE3-7D75A1538F86}.Debug|iPhone.Deploy.0 = Debug|Any CPU
		{EAC53AE1-B278-4B81-ADE3-7D75A1538F86}.Debug|iPhoneSimulator.ActiveCfg = Debug|Any CPU
		{EAC53AE1-B278-4B81-ADE3-7D75A1538F86}.Debug|iPhoneSimulator.Build.0 = Debug|Any CPU
		{EAC53AE1-B278-4B81-ADE3-7D75A1538F86}.Debug|iPhoneSimulator.Deploy.0 = Debug|Any CPU
		{EAC53AE1-B278-4B81-ADE3-7D75A1538F86}.Release|Any CPU.ActiveCfg = Release|Any CPU
		{EAC53AE1-B278-4B81-ADE3-7D75A1538F86}.Release|Any CPU.Build.0 = Release|Any CPU
		{EAC53AE1-B278-4B81-ADE3-7D75A1538F86}.Release|Any CPU.Deploy.0 = Release|Any CPU
		{EAC53AE1-B278-4B81-ADE3-7D75A1538F86}.Release|iPhone.ActiveCfg = Release|Any CPU
		{EAC53AE1-B278-4B81-ADE3-7D75A1538F86}.Release|iPhone.Build.0 = Release|Any CPU
		{EAC53AE1-B278-4B81-ADE3-7D75A1538F86}.Release|iPhone.Deploy.0 = Release|Any CPU
		{EAC53AE1-B278-4B81-ADE3-7D75A1538F86}.Release|iPhoneSimulator.ActiveCfg = Release|Any CPU
		{EAC53AE1-B278-4B81-ADE3-7D75A1538F86}.Release|iPhoneSimulator.Build.0 = Release|Any CPU
		{EAC53AE1-B278-4B81-ADE3-7D75A1538F86}.Release|iPhoneSimulator.Deploy.0 = Release|Any CPU
		{44D1AD93-3539-419D-92FD-7FE9EAF4A9A9}.Debug|Any CPU.ActiveCfg = Debug|iPhone
		{44D1AD93-3539-419D-92FD-7FE9EAF4A9A9}.Debug|Any CPU.Build.0 = Debug|iPhone
		{44D1AD93-3539-419D-92FD-7FE9EAF4A9A9}.Debug|Any CPU.Deploy.0 = Debug|iPhone
		{44D1AD93-3539-419D-92FD-7FE9EAF4A9A9}.Debug|iPhone.ActiveCfg = Debug|iPhone
		{44D1AD93-3539-419D-92FD-7FE9EAF4A9A9}.Debug|iPhone.Build.0 = Debug|iPhone
		{44D1AD93-3539-419D-92FD-7FE9EAF4A9A9}.Debug|iPhone.Deploy.0 = Debug|iPhone
		{44D1AD93-3539-419D-92FD-7FE9EAF4A9A9}.Debug|iPhoneSimulator.ActiveCfg = Debug|iPhoneSimulator
		{44D1AD93-3539-419D-92FD-7FE9EAF4A9A9}.Debug|iPhoneSimulator.Build.0 = Debug|iPhoneSimulator
		{44D1AD93-3539-419D-92FD-7FE9EAF4A9A9}.Debug|iPhoneSimulator.Deploy.0 = Debug|iPhoneSimulator
		{44D1AD93-3539-419D-92FD-7FE9EAF4A9A9}.Release|Any CPU.ActiveCfg = Release|iPhoneSimulator
		{44D1AD93-3539-419D-92FD-7FE9EAF4A9A9}.Release|Any CPU.Build.0 = Release|iPhoneSimulator
		{44D1AD93-3539-419D-92FD-7FE9EAF4A9A9}.Release|Any CPU.Deploy.0 = Release|iPhoneSimulator
		{44D1AD93-3539-419D-92FD-7FE9EAF4A9A9}.Release|iPhone.ActiveCfg = Release|iPhone
		{44D1AD93-3539-419D-92FD-7FE9EAF4A9A9}.Release|iPhone.Build.0 = Release|iPhone
		{44D1AD93-3539-419D-92FD-7FE9EAF4A9A9}.Release|iPhone.Deploy.0 = Release|iPhone
		{44D1AD93-3539-419D-92FD-7FE9EAF4A9A9}.Release|iPhoneSimulator.ActiveCfg = Release|iPhoneSimulator
		{44D1AD93-3539-419D-92FD-7FE9EAF4A9A9}.Release|iPhoneSimulator.Build.0 = Release|iPhoneSimulator
		{44D1AD93-3539-419D-92FD-7FE9EAF4A9A9}.Release|iPhoneSimulator.Deploy.0 = Release|iPhoneSimulator
		{A5B6463B-55C9-4A5C-B3FE-0B6993C1F112}.Debug|Any CPU.ActiveCfg = Debug|Any CPU
		{A5B6463B-55C9-4A5C-B3FE-0B6993C1F112}.Debug|Any CPU.Build.0 = Debug|Any CPU
		{A5B6463B-55C9-4A5C-B3FE-0B6993C1F112}.Debug|Any CPU.Deploy.0 = Debug|Any CPU
		{A5B6463B-55C9-4A5C-B3FE-0B6993C1F112}.Debug|iPhone.ActiveCfg = Debug|Any CPU
		{A5B6463B-55C9-4A5C-B3FE-0B6993C1F112}.Debug|iPhone.Build.0 = Debug|Any CPU
		{A5B6463B-55C9-4A5C-B3FE-0B6993C1F112}.Debug|iPhone.Deploy.0 = Debug|Any CPU
		{A5B6463B-55C9-4A5C-B3FE-0B6993C1F112}.Debug|iPhoneSimulator.ActiveCfg = Debug|Any CPU
		{A5B6463B-55C9-4A5C-B3FE-0B6993C1F112}.Debug|iPhoneSimulator.Build.0 = Debug|Any CPU
		{A5B6463B-55C9-4A5C-B3FE-0B6993C1F112}.Debug|iPhoneSimulator.Deploy.0 = Debug|Any CPU
		{A5B6463B-55C9-4A5C-B3FE-0B6993C1F112}.Release|Any CPU.ActiveCfg = Release|Any CPU
		{A5B6463B-55C9-4A5C-B3FE-0B6993C1F112}.Release|Any CPU.Build.0 = Release|Any CPU
		{A5B6463B-55C9-4A5C-B3FE-0B6993C1F112}.Release|Any CPU.Deploy.0 = Release|Any CPU
		{A5B6463B-55C9-4A5C-B3FE-0B6993C1F112}.Release|iPhone.ActiveCfg = Release|Any CPU
		{A5B6463B-55C9-4A5C-B3FE-0B6993C1F112}.Release|iPhone.Build.0 = Release|Any CPU
		{A5B6463B-55C9-4A5C-B3FE-0B6993C1F112}.Release|iPhone.Deploy.0 = Release|Any CPU
		{A5B6463B-55C9-4A5C-B3FE-0B6993C1F112}.Release|iPhoneSimulator.ActiveCfg = Release|Any CPU
		{A5B6463B-55C9-4A5C-B3FE-0B6993C1F112}.Release|iPhoneSimulator.Build.0 = Release|Any CPU
		{A5B6463B-55C9-4A5C-B3FE-0B6993C1F112}.Release|iPhoneSimulator.Deploy.0 = Release|Any CPU
	EndGlobalSection
	GlobalSection(SolutionProperties) = preSolution
		HideSolutionNode = FALSE
	EndGlobalSection
	GlobalSection(ExtensibilityGlobals) = postSolution
		SolutionGuid = {96164165-F701-4CBD-9E2F-25A411CCB262}
	EndGlobalSection
EndGlobal
